
Microsoft Visual Studio Solution File, Format Version 12.00
# Visual Studio Version 16
VisualStudioVersion = 16.0.29709.97
MinimumVisualStudioVersion = 10.0.40219.1
Project("{FAE04EC0-301F-11D3-BF4B-00C04F79EFBC}") = "BestBuyCRUD", "BestBuyCRUD\BestBuyCRUD.csproj", "{9B859569-75F5-462B-9914-5E65B7C879B4}"
EndProject
Global
	GlobalSection(SolutionConfigurationPlatforms) = preSolution
		Debug|Any CPU = Debug|Any CPU
		Release|Any CPU = Release|Any CPU
	EndGlobalSection
	GlobalSection(ProjectConfigurationPlatforms) = postSolution
		{9B859569-75F5-462B-9914-5E65B7C879B4}.Debug|Any CPU.ActiveCfg = Debug|Any CPU
		{9B859569-75F5-462B-9914-5E65B7C879B4}.Debug|Any CPU.Build.0 = Debug|Any CPU
		{9B859569-75F5-462B-9914-5E65B7C879B4}.Release|Any CPU.ActiveCfg = Release|Any CPU
		{9B859569-75F5-462B-9914-5E65B7C879B4}.Release|Any CPU.Build.0 = Release|Any CPU
	EndGlobalSection
	GlobalSection(SolutionProperties) = preSolution
		HideSolutionNode = FALSE
	EndGlobalSection
	GlobalSection(ExtensibilityGlobals) = postSolution
		SolutionGuid = {A38775A5-E2E9-4C5B-B151-7C7BC8099496}
	EndGlobalSection
EndGlobal
